
Microsoft Visual Studio Solution File, Format Version 12.00
# Visual Studio Version 16
VisualStudioVersion = 16.0.30717.126
MinimumVisualStudioVersion = 10.0.40219.1
Project("{9A19103F-16F7-4668-BE54-9A1E7A4F7556}") = "IdentityServerSample", "IdentityServerSample\IdentityServerSample.csproj", "{ACBD3FBE-8CE6-431C-B296-910D3A1C6A88}"
EndProject
Project("{9A19103F-16F7-4668-BE54-9A1E7A4F7556}") = "ClientCredentialApi", "ClientCredentialApi\ClientCredentialApi.csproj", "{69A6CCBB-1309-4E33-90FA-71C96D21497C}"
EndProject
Project("{9A19103F-16F7-4668-BE54-9A1E7A4F7556}") = "ClientCredential", "Client\ClientCredential.csproj", "{182C8CEC-ECD5-44BD-9AFA-EC830ECCDEC0}"
EndProject
Project("{FAE04EC0-301F-11D3-BF4B-00C04F79EFBC}") = "MvcClient", "MvcClient\MvcClient.csproj", "{840515FD-0A2E-47E7-833C-461D287ED62B}"
EndProject
Project("{FAE04EC0-301F-11D3-BF4B-00C04F79EFBC}") = "IdentityServerMvc", "IdentityServerMvc\IdentityServerMvc.csproj", "{633667BA-E083-49BB-8BA7-3634EB389E65}"
EndProject
Global
	GlobalSection(SolutionConfigurationPlatforms) = preSolution
		Debug|Any CPU = Debug|Any CPU
		Release|Any CPU = Release|Any CPU
	EndGlobalSection
	GlobalSection(ProjectConfigurationPlatforms) = postSolution
		{ACBD3FBE-8CE6-431C-B296-910D3A1C6A88}.Debug|Any CPU.ActiveCfg = Debug|Any CPU
		{ACBD3FBE-8CE6-431C-B296-910D3A1C6A88}.Debug|Any CPU.Build.0 = Debug|Any CPU
		{ACBD3FBE-8CE6-431C-B296-910D3A1C6A88}.Release|Any CPU.ActiveCfg = Release|Any CPU
		{ACBD3FBE-8CE6-431C-B296-910D3A1C6A88}.Release|Any CPU.Build.0 = Release|Any CPU
		{69A6CCBB-1309-4E33-90FA-71C96D21497C}.Debug|Any CPU.ActiveCfg = Debug|Any CPU
		{69A6CCBB-1309-4E33-90FA-71C96D21497C}.Debug|Any CPU.Build.0 = Debug|Any CPU
		{69A6CCBB-1309-4E33-90FA-71C96D21497C}.Release|Any CPU.ActiveCfg = Release|Any CPU
		{69A6CCBB-1309-4E33-90FA-71C96D21497C}.Release|Any CPU.Build.0 = Release|Any CPU
		{182C8CEC-ECD5-44BD-9AFA-EC830ECCDEC0}.Debug|Any CPU.ActiveCfg = Debug|Any CPU
		{182C8CEC-ECD5-44BD-9AFA-EC830ECCDEC0}.Debug|Any CPU.Build.0 = Debug|Any CPU
		{182C8CEC-ECD5-44BD-9AFA-EC830ECCDEC0}.Release|Any CPU.ActiveCfg = Release|Any CPU
		{182C8CEC-ECD5-44BD-9AFA-EC830ECCDEC0}.Release|Any CPU.Build.0 = Release|Any CPU
		{840515FD-0A2E-47E7-833C-461D287ED62B}.Debug|Any CPU.ActiveCfg = Debug|Any CPU
		{840515FD-0A2E-47E7-833C-461D287ED62B}.Debug|Any CPU.Build.0 = Debug|Any CPU
		{840515FD-0A2E-47E7-833C-461D287ED62B}.Release|Any CPU.ActiveCfg = Release|Any CPU
		{840515FD-0A2E-47E7-833C-461D287ED62B}.Release|Any CPU.Build.0 = Release|Any CPU
		{633667BA-E083-49BB-8BA7-3634EB389E65}.Debug|Any CPU.ActiveCfg = Debug|Any CPU
		{633667BA-E083-49BB-8BA7-3634EB389E65}.Debug|Any CPU.Build.0 = Debug|Any CPU
		{633667BA-E083-49BB-8BA7-3634EB389E65}.Release|Any CPU.ActiveCfg = Release|Any CPU
		{633667BA-E083-49BB-8BA7-3634EB389E65}.Release|Any CPU.Build.0 = Release|Any CPU
	EndGlobalSection
	GlobalSection(SolutionProperties) = preSolution
		HideSolutionNode = FALSE
	EndGlobalSection
	GlobalSection(ExtensibilityGlobals) = postSolution
		SolutionGuid = {D2210D58-6134-4FD4-BD64-5B2DE1B48473}
	EndGlobalSection
EndGlobal
